
Microsoft Visual Studio Solution File, Format Version 12.00
# Visual Studio Version 17
VisualStudioVersion = 17.0.31919.166
MinimumVisualStudioVersion = 10.0.40219.1
Project("{FAE04EC0-301F-11D3-BF4B-00C04F79EFBC}") = "ReverseWords", "ReverseWords\ReverseWords.csproj", "{0A8EB098-9827-4C8E-A795-921D4BA7B6CA}"
EndProject
Project("{FAE04EC0-301F-11D3-BF4B-00C04F79EFBC}") = "ValidateStrings", "ValidateStrings\ValidateStrings.csproj", "{5D123696-B756-43B4-9D15-06FFC3D02962}"
EndProject
Global
	GlobalSection(SolutionConfigurationPlatforms) = preSolution
		Debug|Any CPU = Debug|Any CPU
		Release|Any CPU = Release|Any CPU
	EndGlobalSection
	GlobalSection(ProjectConfigurationPlatforms) = postSolution
		{0A8EB098-9827-4C8E-A795-921D4BA7B6CA}.Debug|Any CPU.ActiveCfg = Debug|Any CPU
		{0A8EB098-9827-4C8E-A795-921D4BA7B6CA}.Debug|Any CPU.Build.0 = Debug|Any CPU
		{0A8EB098-9827-4C8E-A795-921D4BA7B6CA}.Release|Any CPU.ActiveCfg = Release|Any CPU
		{0A8EB098-9827-4C8E-A795-921D4BA7B6CA}.Release|Any CPU.Build.0 = Release|Any CPU
		{5D123696-B756-43B4-9D15-06FFC3D02962}.Debug|Any CPU.ActiveCfg = Debug|Any CPU
		{5D123696-B756-43B4-9D15-06FFC3D02962}.Debug|Any CPU.Build.0 = Debug|Any CPU
		{5D123696-B756-43B4-9D15-06FFC3D02962}.Release|Any CPU.ActiveCfg = Release|Any CPU
		{5D123696-B756-43B4-9D15-06FFC3D02962}.Release|Any CPU.Build.0 = Release|Any CPU
	EndGlobalSection
	GlobalSection(SolutionProperties) = preSolution
		HideSolutionNode = FALSE
	EndGlobalSection
	GlobalSection(ExtensibilityGlobals) = postSolution
		SolutionGuid = {BD77EAFE-4F0E-4741-86A1-2765F008FE3E}
	EndGlobalSection
EndGlobal
